<Solution>
  <Folder Name="/src/">
    <Project Path="src/HCS.Passwordless.Core/HCS.Passwordless.Core.csproj" />
    <Project Path="src/HCS.Passwordless.MagicLink/HCS.Passwordless.MagicLink.csproj" />
    <Project Path="src/HCS.Passwordless.Otp/HCS.Passwordless.Otp.csproj" />
    <Project Path="src/HCS.Passwordless.WebAuthn/HCS.Passwordless.WebAuthn.csproj" />
  </Folder>
  <Folder Name="/tests/">
    <Project Path="tests/HCS.Passwordless.Tests/HCS.Passwordless.Tests.csproj" />
  </Folder>
</Solution>
